// !$*UTF8*$!
{
	archiveVersion = 1;
	classes = {
	};
	objectVersion = 55;
	objects = {

/* Begin PBXBuildFile section */
		0B8348FBA88ED21A50BEF06D /* Pods_AFNTest.framework in Frameworks */ = {isa = PBXBuildFile; fileRef = 6F1F9C3AE47C80D361AB1D9E /* Pods_AFNTest.framework */; };
		0DA888B62A3AC0DC00174E5B /* AppDelegate.swift in Sources */ = {isa = PBXBuildFile; fileRef = 0DA888B52A3AC0DC00174E5B /* AppDelegate.swift */; };
		0DA888B82A3AC0DC00174E5B /* SceneDelegate.swift in Sources */ = {isa = PBXBuildFile; fileRef = 0DA888B72A3AC0DC00174E5B /* SceneDelegate.swift */; };
		0DA888BA2A3AC0DC00174E5B /* ViewController.swift in Sources */ = {isa = PBXBuildFile; fileRef = 0DA888B92A3AC0DC00174E5B /* ViewController.swift */; };
		0DA888BD2A3AC0DC00174E5B /* Main.storyboard in Resources */ = {isa = PBXBuildFile; fileRef = 0DA888BB2A3AC0DC00174E5B /* Main.storyboard */; };
		0DA888BF2A3AC0E500174E5B /* Assets.xcassets in Resources */ = {isa = PBXBuildFile; fileRef = 0DA888BE2A3AC0E500174E5B /* Assets.xcassets */; };
		0DA888C22A3AC0E500174E5B /* LaunchScreen.storyboard in Resources */ = {isa = PBXBuildFile; fileRef = 0DA888C02A3AC0E500174E5B /* LaunchScreen.storyboard */; };
		0DA888CA2A3AC51C00174E5B /* NetworkingTool.swift in Sources */ = {isa = PBXBuildFile; fileRef = 0DA888C92A3AC51C00174E5B /* NetworkingTool.swift */; };
/* End PBXBuildFile section */

/* Begin PBXFileReference section */
		0DA888B22A3AC0DC00174E5B /* AFNTest.app */ = {isa = PBXFileReference; explicitFileType = wrapper.application; includeInIndex = 0; path = AFNTest.app; sourceTree = BUILT_PRODUCTS_DIR; };
		0DA888B52A3AC0DC00174E5B /* AppDelegate.swift */ = {isa = PBXFileReference; lastKnownFileType = sourcecode.swift; path = AppDelegate.swift; sourceTree = "<group>"; };
		0DA888B72A3AC0DC00174E5B /* SceneDelegate.swift */ = {isa = PBXFileReference; lastKnownFileType = sourcecode.swift; path = SceneDelegate.swift; sourceTree = "<group>"; };
		0DA888B92A3AC0DC00174E5B /* ViewController.swift */ = {isa = PBXFileReference; lastKnownFileType = sourcecode.swift; path = ViewController.swift; sourceTree = "<group>"; };
		0DA888BC2A3AC0DC00174E5B /* Base */ = {isa = PBXFileReference; lastKnownFileType = file.storyboard; name = Base; path = Base.lproj/Main.storyboard; sourceTree = "<group>"; };
		0DA888BE2A3AC0E500174E5B /* Assets.xcassets */ = {isa = PBXFileReference; lastKnownFileType = folder.assetcatalog; path = Assets.xcassets; sourceTree = "<group>"; };
		0DA888C12A3AC0E500174E5B /* Base */ = {isa = PBXFileReference; lastKnownFileType = file.storyboard; name = Base; path = Base.lproj/LaunchScreen.storyboard; sourceTree = "<group>"; };
		0DA888C32A3AC0E500174E5B /* Info.plist */ = {isa = PBXFileReference; lastKnownFileType = text.plist.xml; path = Info.plist; sourceTree = "<group>"; };
		0DA888C92A3AC51C00174E5B /* NetworkingTool.swift */ = {isa = PBXFileReference; lastKnownFileType = sourcecode.swift; path = NetworkingTool.swift; sourceTree = "<group>"; };
		6F1F9C3AE47C80D361AB1D9E /* Pods_AFNTest.framework */ = {isa = PBXFileReference; explicitFileType = wrapper.framework; includeInIndex = 0; path = Pods_AFNTest.framework; sourceTree = BUILT_PRODUCTS_DIR; };
		8F1B35F4AA3153D2E9362DC0 /* Pods-AFNTest.release.xcconfig */ = {isa = PBXFileReference; includeInIndex = 1; lastKnownFileType = text.xcconfig; name = "Pods-AFNTest.release.xcconfig"; path = "Target Support Files/Pods-AFNTest/Pods-AFNTest.release.xcconfig"; sourceTree = "<group>"; };
		B1006EE3FFF554C737498E45 /* Pods-AFNTest.debug.xcconfig */ = {isa = PBXFileReference; includeInIndex = 1; lastKnownFileType = text.xcconfig; name = "Pods-AFNTest.debug.xcconfig"; path = "Target Support Files/Pods-AFNTest/Pods-AFNTest.debug.xcconfig"; sourceTree = "<group>"; };
/* End PBXFileReference section */

/* Begin PBXFrameworksBuildPhase section */
		0DA888AF2A3AC0DB00174E5B /* Frameworks */ = {
			isa = PBXFrameworksBuildPhase;
			buildActionMask = 2147483647;
			files = (
				0B8348FBA88ED21A50BEF06D /* Pods_AFNTest.framework in Frameworks */,
			);
			runOnlyForDeploymentPostprocessing = 0;
		};
/* End PBXFrameworksBuildPhase section */

/* Begin PBXGroup section */
		015ABDB1C9D65FE2C95B8325 /* Pods */ = {
			isa = PBXGroup;
			children = (
				B1006EE3FFF554C737498E45 /* Pods-AFNTest.debug.xcconfig */,
				8F1B35F4AA3153D2E9362DC0 /* Pods-AFNTest.release.xcconfig */,
			);
			path = Pods;
			sourceTree = "<group>";
		};
		0DA888A92A3AC0DB00174E5B = {
			isa = PBXGroup;
			children = (
				0DA888B42A3AC0DC00174E5B /* AFNTest */,
				0DA888B32A3AC0DC00174E5B /* Products */,
				015ABDB1C9D65FE2C95B8325 /* Pods */,
				361E230FEBC308F1AE21DC52 /* Frameworks */,
			);
			sourceTree = "<group>";
		};
		0DA888B32A3AC0DC00174E5B /* Products */ = {
			isa = PBXGroup;
			children = (
				0DA888B22A3AC0DC00174E5B /* AFNTest.app */,
			);
			name = Products;
			sourceTree = "<group>";
		};
		0DA888B42A3AC0DC00174E5B /* AFNTest */ = {
			isa = PBXGroup;
			children = (
				0DA888B52A3AC0DC00174E5B /* AppDelegate.swift */,
				0DA888B72A3AC0DC00174E5B /* SceneDelegate.swift */,
				0DA888B92A3AC0DC00174E5B /* ViewController.swift */,
				0DA888C92A3AC51C00174E5B /* NetworkingTool.swift */,
				0DA888BB2A3AC0DC00174E5B /* Main.storyboard */,
				0DA888BE2A3AC0E500174E5B /* Assets.xcassets */,
				0DA888C02A3AC0E500174E5B /* LaunchScreen.storyboard */,
				0DA888C32A3AC0E500174E5B /* Info.plist */,
			);
			path = AFNTest;
			sourceTree = "<group>";
		};
		361E230FEBC308F1AE21DC52 /* Frameworks */ = {
			isa = PBXGroup;
			children = (
				6F1F9C3AE47C80D361AB1D9E /* Pods_AFNTest.framework */,
			);
			name = Frameworks;
			sourceTree = "<group>";
		};
/* End PBXGroup section */

/* Begin PBXNativeTarget section */
		0DA888B12A3AC0DB00174E5B /* AFNTest */ = {
			isa = PBXNativeTarget;
			buildConfigurationList = 0DA888C62A3AC0E500174E5B /* Build configuration list for PBXNativeTarget "AFNTest" */;
			buildPhases = (
				38DA0EDE184E8F9E637F0CB0 /* [CP] Check Pods Manifest.lock */,
				0DA888AE2A3AC0DB00174E5B /* Sources */,
				0DA888AF2A3AC0DB00174E5B /* Frameworks */,
				0DA888B02A3AC0DB00174E5B /* Resources */,
				CC94718455C998E759911D19 /* [CP] Embed Pods Frameworks */,
			);
			buildRules = (
			);
			dependencies = (
			);
			name = AFNTest;
			productName = AFNTest;
			productReference = 0DA888B22A3AC0DC00174E5B /* AFNTest.app */;
			productType = "com.apple.product-type.application";
		};
/* End PBXNativeTarget section */

/* Begin PBXProject section */
		0DA888AA2A3AC0DB00174E5B /* Project object */ = {
			isa = PBXProject;
			attributes = {
				BuildIndependentTargetsInParallel = 1;
				LastSwiftUpdateCheck = 1320;
				LastUpgradeCheck = 1320;
				TargetAttributes = {
					0DA888B12A3AC0DB00174E5B = {
						CreatedOnToolsVersion = 13.2.1;
					};
				};
			};
			buildConfigurationList = 0DA888AD2A3AC0DB00174E5B /* Build configuration list for PBXProject "AFNTest" */;
			compatibilityVersion = "Xcode 13.0";
			developmentRegion = en;
			hasScannedForEncodings = 0;
			knownRegions = (
				en,
				Base,
			);
			mainGroup = 0DA888A92A3AC0DB00174E5B;
			productRefGroup = 0DA888B32A3AC0DC00174E5B /* Products */;
			projectDirPath = "";
			projectRoot = "";
			targets = (
				0DA888B12A3AC0DB00174E5B /* AFNTest */,
			);
		};
/* End PBXProject section */

/* Begin PBXResourcesBuildPhase section */
		0DA888B02A3AC0DB00174E5B /* Resources */ = {
			isa = PBXResourcesBuildPhase;
			buildActionMask = 2147483647;
			files = (
				0DA888C22A3AC0E500174E5B /* LaunchScreen.storyboard in Resources */,
				0DA888BF2A3AC0E500174E5B /* Assets.xcassets in Resources */,
				0DA888BD2A3AC0DC00174E5B /* Main.storyboard in Resources */,
			);
			runOnlyForDeploymentPostprocessing = 0;
		};
/* End PBXResourcesBuildPhase section */

/* Begin PBXShellScriptBuildPhase section */
		38DA0EDE184E8F9E637F0CB0 /* [CP] Check Pods Manifest.lock */ = {
			isa = PBXShellScriptBuildPhase;
			buildActionMask = 2147483647;
			files = (
			);
			inputFileListPaths = (
			);
			inputPaths = (
				"${PODS_PODFILE_DIR_PATH}/Podfile.lock",
				"${PODS_ROOT}/Manifest.lock",
			);
			name = "[CP] Check Pods Manifest.lock";
			outputFileListPaths = (
			);
			outputPaths = (
				"$(DERIVED_FILE_DIR)/Pods-AFNTest-checkManifestLockResult.txt",
			);
			runOnlyForDeploymentPostprocessing = 0;
			shellPath = /bin/sh;
			shellScript = "diff \"${PODS_PODFILE_DIR_PATH}/Podfile.lock\" \"${PODS_ROOT}/Manifest.lock\" > /dev/null\nif [ $? != 0 ] ; then\n    # print error to STDERR\n    echo \"error: The sandbox is not in sync with the Podfile.lock. Run 'pod install' or update your CocoaPods installation.\" >&2\n    exit 1\nfi\n# This output is used by Xcode 'outputs' to avoid re-running this script phase.\necho \"SUCCESS\" > \"${SCRIPT_OUTPUT_FILE_0}\"\n";
			showEnvVarsInLog = 0;
		};
		CC94718455C998E759911D19 /* [CP] Embed Pods Frameworks */ = {
			isa = PBXShellScriptBuildPhase;
			buildActionMask = 2147483647;
			files = (
			);
			inputFileListPaths = (
				"${PODS_ROOT}/Target Support Files/Pods-AFNTest/Pods-AFNTest-frameworks-${CONFIGURATION}-input-files.xcfilelist",
			);
			name = "[CP] Embed Pods Frameworks";
			outputFileListPaths = (
				"${PODS_ROOT}/Target Support Files/Pods-AFNTest/Pods-AFNTest-frameworks-${CONFIGURATION}-output-files.xcfilelist",
			);
			runOnlyForDeploymentPostprocessing = 0;
			shellPath = /bin/sh;
			shellScript = "\"${PODS_ROOT}/Target Support Files/Pods-AFNTest/Pods-AFNTest-frameworks.sh\"\n";
			showEnvVarsInLog = 0;
		};
/* End PBXShellScriptBuildPhase section */

/* Begin PBXSourcesBuildPhase section */
		0DA888AE2A3AC0DB00174E5B /* Sources */ = {
			isa = PBXSourcesBuildPhase;
			buildActionMask = 2147483647;
			files = (
				0DA888BA2A3AC0DC00174E5B /* ViewController.swift in Sources */,
				0DA888CA2A3AC51C00174E5B /* NetworkingTool.swift in Sources */,
				0DA888B62A3AC0DC00174E5B /* AppDelegate.swift in Sources */,
				0DA888B82A3AC0DC00174E5B /* SceneDelegate.swift in Sources */,
			);
			runOnlyForDeploymentPostprocessing = 0;
		};
/* End PBXSourcesBuildPhase section */

/* Begin PBXVariantGroup section */
		0DA888BB2A3AC0DC00174E5B /* Main.storyboard */ = {
			isa = PBXVariantGroup;
			children = (
				0DA888BC2A3AC0DC00174E5B /* Base */,
			);
			name = Main.storyboard;
			sourceTree = "<group>";
		};
		0DA888C02A3AC0E500174E5B /* LaunchScreen.storyboard */ = {
			isa = PBXVariantGroup;
			children = (
				0DA888C12A3AC0E500174E5B /* Base */,
			);
			name = LaunchScreen.storyboard;
			sourceTree = "<group>";
		};
/* End PBXVariantGroup section */

/* Begin XCBuildConfiguration section */
		0DA888C42A3AC0E500174E5B /* Debug */ = {
			isa = XCBuildConfiguration;
			buildSettings = {
				ALWAYS_SEARCH_USER_PATHS = NO;
				CLANG_ANALYZER_NONNULL = YES;
				CLANG_ANALYZER_NUMBER_OBJECT_CONVERSION = YES_AGGRESSIVE;
				CLANG_CXX_LANGUAGE_STANDARD = "gnu++17";
				CLANG_CXX_LIBRARY = "libc++";
				CLANG_ENABLE_MODULES = YES;
				CLANG_ENABLE_OBJC_ARC = YES;
				CLANG_ENABLE_OBJC_WEAK = YES;
				CLANG_WARN_BLOCK_CAPTURE_AUTORELEASING = YES;
				CLANG_WARN_BOOL_CONVERSION = YES;
				CLANG_WARN_COMMA = YES;
				CLANG_WARN_CONSTANT_CONVERSION = YES;
				CLANG_WARN_DEPRECATED_OBJC_IMPLEMENTATIONS = YES;
				CLANG_WARN_DIRECT_OBJC_ISA_USAGE = YES_ERROR;
				CLANG_WARN_DOCUMENTATION_COMMENTS = YES;
				CLANG_WARN_EMPTY_BODY = YES;
				CLANG_WARN_ENUM_CONVERSION = YES;
				CLANG_WARN_INFINITE_RECURSION = YES;
				CLANG_WARN_INT_CONVERSION = YES;
				CLANG_WARN_NON_LITERAL_NULL_CONVERSION = YES;
				CLANG_WARN_OBJC_IMPLICIT_RETAIN_SELF = YES;
				CLANG_WARN_OBJC_LITERAL_CONVERSION = YES;
				CLANG_WARN_OBJC_ROOT_CLASS = YES_ERROR;
				CLANG_WARN_QUOTED_INCLUDE_IN_FRAMEWORK_HEADER = YES;
				CLANG_WARN_RANGE_LOOP_ANALYSIS = YES;
				CLANG_WARN_STRICT_PROTOTYPES = YES;
				CLANG_WARN_SUSPICIOUS_MOVE = YES;
				CLANG_WARN_UNGUARDED_AVAILABILITY = YES_AGGRESSIVE;
				CLANG_WARN_UNREACHABLE_CODE = YES;
				CLANG_WARN__DUPLICATE_METHOD_MATCH = YES;
				COPY_PHASE_STRIP = NO;
				DEBUG_INFORMATION_FORMAT = dwarf;
				ENABLE_STRICT_OBJC_MSGSEND = YES;
				ENABLE_TESTABILITY = YES;
				GCC_C_LANGUAGE_STANDARD = gnu11;
				GCC_DYNAMIC_NO_PIC = NO;
				GCC_NO_COMMON_BLOCKS = YES;
				GCC_OPTIMIZATION_LEVEL = 0;
				GCC_PREPROCESSOR_DEFINITIONS = (
					"DEBUG=1",
					"$(inherited)",
				);
				GCC_WARN_64_TO_32_BIT_CONVERSION = YES;
				GCC_WARN_ABOUT_RETURN_TYPE = YES_ERROR;
				GCC_WARN_UNDECLARED_SELECTOR = YES;
				GCC_WARN_UNINITIALIZED_AUTOS = YES_AGGRESSIVE;
				GCC_WARN_UNUSED_FUNCTION = YES;
				GCC_WARN_UNUSED_VARIABLE = YES;
				IPHONEOS_DEPLOYMENT_TARGET = 15.2;
				MTL_ENABLE_DEBUG_INFO = INCLUDE_SOURCE;
				MTL_FAST_MATH = YES;
				ONLY_ACTIVE_ARCH = YES;
				SDKROOT = iphoneos;
				SWIFT_ACTIVE_COMPILATION_CONDITIONS = DEBUG;
				SWIFT_OPTIMIZATION_LEVEL = "-Onone";
			};
			name = Debug;
		};
		0DA888C52A3AC0E500174E5B /* Release */ = {
			isa = XCBuildConfiguration;
			buildSettings = {
				ALWAYS_SEARCH_USER_PATHS = NO;
				CLANG_ANALYZER_NONNULL = YES;
				CLANG_ANALYZER_NUMBER_OBJECT_CONVERSION = YES_AGGRESSIVE;
				CLANG_CXX_LANGUAGE_STANDARD = "gnu++17";
				CLANG_CXX_LIBRARY = "libc++";
				CLANG_ENABLE_MODULES = YES;
				CLANG_ENABLE_OBJC_ARC = YES;
				CLANG_ENABLE_OBJC_WEAK = YES;
				CLANG_WARN_BLOCK_CAPTURE_AUTORELEASING = YES;
				CLANG_WARN_BOOL_CONVERSION = YES;
				CLANG_WARN_COMMA = YES;
				CLANG_WARN_CONSTANT_CONVERSION = YES;
				CLANG_WARN_DEPRECATED_OBJC_IMPLEMENTATIONS = YES;
				CLANG_WARN_DIRECT_OBJC_ISA_USAGE = YES_ERROR;
				CLANG_WARN_DOCUMENTATION_COMMENTS = YES;
				CLANG_WARN_EMPTY_BODY = YES;
				CLANG_WARN_ENUM_CONVERSION = YES;
				CLANG_WARN_INFINITE_RECURSION = YES;
				CLANG_WARN_INT_CONVERSION = YES;
				CLANG_WARN_NON_LITERAL_NULL_CONVERSION = YES;
				CLANG_WARN_OBJC_IMPLICIT_RETAIN_SELF = YES;
				CLANG_WARN_OBJC_LITERAL_CONVERSION = YES;
				CLANG_WARN_OBJC_ROOT_CLASS = YES_ERROR;
				CLANG_WARN_QUOTED_INCLUDE_IN_FRAMEWORK_HEADER = YES;
				CLANG_WARN_RANGE_LOOP_ANALYSIS = YES;
				CLANG_WARN_STRICT_PROTOTYPES = YES;
				CLANG_WARN_SUSPICIOUS_MOVE = YES;
				CLANG_WARN_UNGUARDED_AVAILABILITY = YES_AGGRESSIVE;
				CLANG_WARN_UNREACHABLE_CODE = YES;
				CLANG_WARN__DUPLICATE_METHOD_MATCH = YES;
				COPY_PHASE_STRIP = NO;
				DEBUG_INFORMATION_FORMAT = "dwarf-with-dsym";
				ENABLE_NS_ASSERTIONS = NO;
				ENABLE_STRICT_OBJC_MSGSEND = YES;
				GCC_C_LANGUAGE_STANDARD = gnu11;
				GCC_NO_COMMON_BLOCKS = YES;
				GCC_WARN_64_TO_32_BIT_CONVERSION = YES;
				GCC_WARN_ABOUT_RETURN_TYPE = YES_ERROR;
				GCC_WARN_UNDECLARED_SELECTOR = YES;
				GCC_WARN_UNINITIALIZED_AUTOS = YES_AGGRESSIVE;
				GCC_WARN_UNUSED_FUNCTION = YES;
				GCC_WARN_UNUSED_VARIABLE = YES;
				IPHONEOS_DEPLOYMENT_TARGET = 15.2;
				MTL_ENABLE_DEBUG_INFO = NO;
				MTL_FAST_MATH = YES;
				SDKROOT = iphoneos;
				SWIFT_COMPILATION_MODE = wholemodule;
				SWIFT_OPTIMIZATION_LEVEL = "-O";
				VALIDATE_PRODUCT = YES;
			};
			name = Release;
		};
		0DA888C72A3AC0E500174E5B /* Debug */ = {
			isa = XCBuildConfiguration;
			baseConfigurationReference = B1006EE3FFF554C737498E45 /* Pods-AFNTest.debug.xcconfig */;
			buildSettings = {
				ASSETCATALOG_COMPILER_APPICON_NAME = AppIcon;
				ASSETCATALOG_COMPILER_GLOBAL_ACCENT_COLOR_NAME = AccentColor;
				CODE_SIGN_STYLE = Automatic;
				CURRENT_PROJECT_VERSION = 1;
				GENERATE_INFOPLIST_FILE = YES;
				INFOPLIST_FILE = AFNTest/Info.plist;
				INFOPLIST_KEY_UIApplicationSupportsIndirectInputEvents = YES;
				INFOPLIST_KEY_UILaunchStoryboardName = LaunchScreen;
				INFOPLIST_KEY_UIMainStoryboardFile = Main;
				INFOPLIST_KEY_UISupportedInterfaceOrientations_iPad = "UIInterfaceOrientationPortrait UIInterfaceOrientationPortraitUpsideDown UIInterfaceOrientationLandscapeLeft UIInterfaceOrientationLandscapeRight";
				INFOPLIST_KEY_UISupportedInterfaceOrientations_iPhone = "UIInterfaceOrientationPortrait UIInterfaceOrientationLandscapeLeft UIInterfaceOrientationLandscapeRight";
				IPHONEOS_DEPLOYMENT_TARGET = 13.0;
				LD_RUNPATH_SEARCH_PATHS = (
					"$(inherited)",
					"@executable_path/Frameworks",
				);
				MARKETING_VERSION = 1.0;
				PRODUCT_BUNDLE_IDENTIFIER = test.AFNTest;
				PRODUCT_NAME = "$(TARGET_NAME)";
				SWIFT_EMIT_LOC_STRINGS = YES;
				SWIFT_VERSION = 5.0;
				TARGETED_DEVICE_FAMILY = "1,2";
			};
			name = Debug;
		};
		0DA888C82A3AC0E500174E5B /* Release */ = {
			isa = XCBuildConfiguration;
			baseConfigurationReference = 8F1B35F4AA3153D2E9362DC0 /* Pods-AFNTest.release.xcconfig */;
			buildSettings = {
				ASSETCATALOG_COMPILER_APPICON_NAME = AppIcon;
				ASSETCATALOG_COMPILER_GLOBAL_ACCENT_COLOR_NAME = AccentColor;
				CODE_SIGN_STYLE = Automatic;
				CURRENT_PROJECT_VERSION = 1;
				GENERATE_INFOPLIST_FILE = YES;
				INFOPLIST_FILE = AFNTest/Info.plist;
				INFOPLIST_KEY_UIApplicationSupportsIndirectInputEvents = YES;
				INFOPLIST_KEY_UILaunchStoryboardName = LaunchScreen;
				INFOPLIST_KEY_UIMainStoryboardFile = Main;
				INFOPLIST_KEY_UISupportedInterfaceOrientations_iPad = "UIInterfaceOrientationPortrait UIInterfaceOrientationPortraitUpsideDown UIInterfaceOrientationLandscapeLeft UIInterfaceOrientationLandscapeRight";
				INFOPLIST_KEY_UISupportedInterfaceOrientations_iPhone = "UIInterfaceOrientationPortrait UIInterfaceOrientationLandscapeLeft UIInterfaceOrientationLandscapeRight";
				IPHONEOS_DEPLOYMENT_TARGET = 13.0;
				LD_RUNPATH_SEARCH_PATHS = (
					"$(inherited)",
					"@executable_path/Frameworks",
				);
				MARKETING_VERSION = 1.0;
				PRODUCT_BUNDLE_IDENTIFIER = test.AFNTest;
				PRODUCT_NAME = "$(TARGET_NAME)";
				SWIFT_EMIT_LOC_STRINGS = YES;
				SWIFT_VERSION = 5.0;
				TARGETED_DEVICE_FAMILY = "1,2";
			};
			name = Release;
		};
/* End XCBuildConfiguration section */

/* Begin XCConfigurationList section */
		0DA888AD2A3AC0DB00174E5B /* Build configuration list for PBXProject "AFNTest" */ = {
			isa = XCConfigurationList;
			buildConfigurations = (
				0DA888C42A3AC0E500174E5B /* Debug */,
				0DA888C52A3AC0E500174E5B /* Release */,
			);
			defaultConfigurationIsVisible = 0;
			defaultConfigurationName = Release;
		};
		0DA888C62A3AC0E500174E5B /* Build configuration list for PBXNativeTarget "AFNTest" */ = {
			isa = XCConfigurationList;
			buildConfigurations = (
				0DA888C72A3AC0E500174E5B /* Debug */,
				0DA888C82A3AC0E500174E5B /* Release */,
			);
			defaultConfigurationIsVisible = 0;
			defaultConfigurationName = Release;
		};
/* End XCConfigurationList section */
	};
	rootObject = 0DA888AA2A3AC0DB00174E5B /* Project object */;
}
